// !$*UTF8*$!
{
	archiveVersion = 1;
	classes = {
	};
	objectVersion = 46;
	objects = {

/* Begin PBXBuildFile section */
		0313B8D51C71ECE9178BC2E4 /* MetricsStore.swift in Sources */ = {isa = PBXBuildFile; fileRef = C47562DB9F4C0BD02ABEAFF4 /* MetricsStore.swift */; };
		06FDF128075A32E00B23ECB3 /* SystemDashboardWidgetExtension.appex in Embed App Extensions */ = {isa = PBXBuildFile; fileRef = 8B361D05F4EEFCFE83185681 /* SystemDashboardWidgetExtension.appex */; };
		11CFE7B75B5A79856019B436 /* Cocoa.framework in Frameworks */ = {isa = PBXBuildFile; fileRef = 42B10DD49FE53BA10ABEF178 /* Cocoa.framework */; };
		1ED8C6DD263DED7C113577F6 /* SystemConfiguration.framework in Frameworks */ = {isa = PBXBuildFile; fileRef = 70B289CA4E82D9DE66249F46 /* SystemConfiguration.framework */; };
		2912D620DAD334ACC71B166C /* AppIcon.icns in Resources */ = {isa = PBXBuildFile; fileRef = 5DE48AB85C86A5B3B2338D3B /* AppIcon.icns */; };
		3DB139FF8A7AF7E61D72B341 /* WidgetKit.framework in Frameworks */ = {isa = PBXBuildFile; fileRef = 46FA4C42599CAF5DECB49B8D /* WidgetKit.framework */; };
		415F685CBADF35C6BDBEFBED /* CoreGraphics.framework in Frameworks */ = {isa = PBXBuildFile; fileRef = C032BD4C234B0552A14E6619 /* CoreGraphics.framework */; };
		41618BE406BC7C136BFB6AB4 /* SystemDashboardWidget.swift in Sources */ = {isa = PBXBuildFile; fileRef = B7CD577359838FF1A24A314F /* SystemDashboardWidget.swift */; };
		48B84D9EDD42B8C553B97E86 /* Metal.framework in Frameworks */ = {isa = PBXBuildFile; fileRef = BB23512253A054552B7B1A75 /* Metal.framework */; };
		514D074C89D3EF00C3D15786 /* MetricSnapshot.swift in Sources */ = {isa = PBXBuildFile; fileRef = 3D73B5307D7D68074054B1C8 /* MetricSnapshot.swift */; };
		552C65C30C671DF1F8E37B95 /* SystemConfiguration.framework in Frameworks */ = {isa = PBXBuildFile; fileRef = 70B289CA4E82D9DE66249F46 /* SystemConfiguration.framework */; };
		5B99C4E044FD2600983FD7C6 /* SystemSampler.swift in Sources */ = {isa = PBXBuildFile; fileRef = AD1EE7FBE5CF2AE7FABEBC6D /* SystemSampler.swift */; };
		5F313517F402BC7E55F3E42C /* main.swift in Sources */ = {isa = PBXBuildFile; fileRef = EBD34F1FBF31B741B0895CCF /* main.swift */; };
		6E72718E1638DB11BB323C09 /* PrivacyInfo.xcprivacy in Resources */ = {isa = PBXBuildFile; fileRef = C87BD00F222935759B0DE557 /* PrivacyInfo.xcprivacy */; };
		70344CD7695A6E6FA44893D5 /* SystemSampler.swift in Sources */ = {isa = PBXBuildFile; fileRef = AD1EE7FBE5CF2AE7FABEBC6D /* SystemSampler.swift */; };
		72CE58FCC40B0FF27484D1A3 /* Cocoa.framework in Frameworks */ = {isa = PBXBuildFile; fileRef = 42B10DD49FE53BA10ABEF178 /* Cocoa.framework */; };
		7901DFBE60ED5BACECA5B97A /* CoreGraphics.framework in Frameworks */ = {isa = PBXBuildFile; fileRef = C032BD4C234B0552A14E6619 /* CoreGraphics.framework */; };
		796E42705C26319F60A534B7 /* AppKit.framework in Frameworks */ = {isa = PBXBuildFile; fileRef = 6F54589C72183A9403C308B4 /* AppKit.framework */; };
		7C62C1A7F89A34BED7D2768D /* VisualEffectView.swift in Sources */ = {isa = PBXBuildFile; fileRef = 9DCC4804EC0F3463F726C25F /* VisualEffectView.swift */; };
		7D4F4CF628A960144C333F0C /* IOKit.framework in Frameworks */ = {isa = PBXBuildFile; fileRef = F9AB47B9AC5636267065DC33 /* IOKit.framework */; };
		835A5EF4E2BB402867E3FCAD /* Metal.framework in Frameworks */ = {isa = PBXBuildFile; fileRef = BB23512253A054552B7B1A75 /* Metal.framework */; };
		850B4D9C190E5D5E3A939307 /* DashboardView.swift in Sources */ = {isa = PBXBuildFile; fileRef = 88B39E19EFB74965759F9D62 /* DashboardView.swift */; };
		8EEBE31CE32DE258807C0AAB /* SwiftUI.framework in Frameworks */ = {isa = PBXBuildFile; fileRef = C3335D702255148169418735 /* SwiftUI.framework */; };
		9EB81C673AB0EDAC0B460C72 /* MetricFormatting.swift in Sources */ = {isa = PBXBuildFile; fileRef = 8FB3DB50779177888DAE290B /* MetricFormatting.swift */; };
		ABD1E67CC3ABD9CB41912EDD /* MetricFormatting.swift in Sources */ = {isa = PBXBuildFile; fileRef = 8FB3DB50779177888DAE290B /* MetricFormatting.swift */; };
		B0BE6F6C7BDD9CA68A0BD5A7 /* WidgetPanelView.swift in Sources */ = {isa = PBXBuildFile; fileRef = CCD3FF8989EB311A508C9675 /* WidgetPanelView.swift */; };
		B75AD83F7D85D19698B3159B /* MenuBarPopoverGeometry.swift in Sources */ = {isa = PBXBuildFile; fileRef = 5490C53015279E356190B14E /* MenuBarPopoverGeometry.swift */; };
		BCD17CAFCB0575E3F7DDDBCF /* SwiftUI.framework in Frameworks */ = {isa = PBXBuildFile; fileRef = C3335D702255148169418735 /* SwiftUI.framework */; };
		D7A11AD62E6025D40288C018 /* Network.framework in Frameworks */ = {isa = PBXBuildFile; fileRef = 078D3DF8AEFAC29B95CFCDCB /* Network.framework */; };
		E0826F91F32B0D58E6623F10 /* AppDelegate.swift in Sources */ = {isa = PBXBuildFile; fileRef = 24F720EFE81C21E3D00E444B /* AppDelegate.swift */; };
		E449FA3AFBBBF27F8931F940 /* IOKit.framework in Frameworks */ = {isa = PBXBuildFile; fileRef = F9AB47B9AC5636267065DC33 /* IOKit.framework */; };
		EA461ECAE41DF124E7F7145B /* WidgetKit.framework in Frameworks */ = {isa = PBXBuildFile; fileRef = 46FA4C42599CAF5DECB49B8D /* WidgetKit.framework */; };
		EBCB9341B6A98DE8F81BE51C /* PrivacyInfo.xcprivacy in Resources */ = {isa = PBXBuildFile; fileRef = AEAF8D0450902BF1994AF336 /* PrivacyInfo.xcprivacy */; };
		FB6E91767E64E393D39A7990 /* MenuBarPopoverGeometry.swift in Sources */ = {isa = PBXBuildFile; fileRef = 5490C53015279E356190B14E /* MenuBarPopoverGeometry.swift */; };
		FC2D9B4164C29DE90BC4379E /* Network.framework in Frameworks */ = {isa = PBXBuildFile; fileRef = 078D3DF8AEFAC29B95CFCDCB /* Network.framework */; };
		FF2B208EC61AB2EBFC59EA37 /* MetricSnapshot.swift in Sources */ = {isa = PBXBuildFile; fileRef = 3D73B5307D7D68074054B1C8 /* MetricSnapshot.swift */; };
/* End PBXBuildFile section */

/* Begin PBXContainerItemProxy section */
		E9BF62D7AEB538BDD7CDC2E6 /* PBXContainerItemProxy */ = {
			isa = PBXContainerItemProxy;
			containerPortal = 55262E10A875FB4AF49D68AC /* Project object */;
			proxyType = 1;
			remoteGlobalIDString = 2D49E66C0774BBA283455B29;
			remoteInfo = SystemDashboardWidgetExtension;
		};
/* End PBXContainerItemProxy section */

/* Begin PBXCopyFilesBuildPhase section */
		59EEDDD450D5B2BA23991829 /* Embed App Extensions */ = {
			isa = PBXCopyFilesBuildPhase;
			buildActionMask = 2147483647;
			dstPath = "";
			dstSubfolderSpec = 13;
			files = (
				06FDF128075A32E00B23ECB3 /* SystemDashboardWidgetExtension.appex in Embed App Extensions */,
			);
			name = "Embed App Extensions";
			runOnlyForDeploymentPostprocessing = 0;
		};
/* End PBXCopyFilesBuildPhase section */

/* Begin PBXFileReference section */
		078D3DF8AEFAC29B95CFCDCB /* Network.framework */ = {isa = PBXFileReference; lastKnownFileType = wrapper.framework; name = Network.framework; path = Platforms/MacOSX.platform/Developer/SDKs/MacOSX15.0.sdk/System/Library/Frameworks/Network.framework; sourceTree = DEVELOPER_DIR; };
		1329F84DC4CD01902F339700 /* SystemDashboard.entitlements */ = {isa = PBXFileReference; includeInIndex = 1; lastKnownFileType = text.plist.entitlements; path = SystemDashboard.entitlements; sourceTree = "<group>"; };
		24F720EFE81C21E3D00E444B /* AppDelegate.swift */ = {isa = PBXFileReference; includeInIndex = 1; lastKnownFileType = sourcecode.swift; path = AppDelegate.swift; sourceTree = "<group>"; };
		3D73B5307D7D68074054B1C8 /* MetricSnapshot.swift */ = {isa = PBXFileReference; includeInIndex = 1; lastKnownFileType = sourcecode.swift; path = MetricSnapshot.swift; sourceTree = "<group>"; };
		3F65CBF393D2C6023A956A52 /* SystemDashboard.app */ = {isa = PBXFileReference; explicitFileType = wrapper.application; includeInIndex = 0; path = SystemDashboard.app; sourceTree = BUILT_PRODUCTS_DIR; };
		42B10DD49FE53BA10ABEF178 /* Cocoa.framework */ = {isa = PBXFileReference; lastKnownFileType = wrapper.framework; name = Cocoa.framework; path = Platforms/MacOSX.platform/Developer/SDKs/MacOSX15.0.sdk/System/Library/Frameworks/Cocoa.framework; sourceTree = DEVELOPER_DIR; };
		46FA4C42599CAF5DECB49B8D /* WidgetKit.framework */ = {isa = PBXFileReference; lastKnownFileType = wrapper.framework; name = WidgetKit.framework; path = Platforms/MacOSX.platform/Developer/SDKs/MacOSX15.0.sdk/System/Library/Frameworks/WidgetKit.framework; sourceTree = DEVELOPER_DIR; };
		5116F0F27624AA786F85388D /* WidgetInfo.plist */ = {isa = PBXFileReference; includeInIndex = 1; lastKnownFileType = text.plist.xml; path = WidgetInfo.plist; sourceTree = "<group>"; };
		5490C53015279E356190B14E /* MenuBarPopoverGeometry.swift */ = {isa = PBXFileReference; includeInIndex = 1; lastKnownFileType = sourcecode.swift; path = MenuBarPopoverGeometry.swift; sourceTree = "<group>"; };
		5DE48AB85C86A5B3B2338D3B /* AppIcon.icns */ = {isa = PBXFileReference; includeInIndex = 1; path = AppIcon.icns; sourceTree = "<group>"; };
		6F54589C72183A9403C308B4 /* AppKit.framework */ = {isa = PBXFileReference; lastKnownFileType = wrapper.framework; name = AppKit.framework; path = Platforms/MacOSX.platform/Developer/SDKs/MacOSX15.0.sdk/System/Library/Frameworks/AppKit.framework; sourceTree = DEVELOPER_DIR; };
		70B289CA4E82D9DE66249F46 /* SystemConfiguration.framework */ = {isa = PBXFileReference; lastKnownFileType = wrapper.framework; name = SystemConfiguration.framework; path = Platforms/MacOSX.platform/Developer/SDKs/MacOSX15.0.sdk/System/Library/Frameworks/SystemConfiguration.framework; sourceTree = DEVELOPER_DIR; };
		88B39E19EFB74965759F9D62 /* DashboardView.swift */ = {isa = PBXFileReference; includeInIndex = 1; lastKnownFileType = sourcecode.swift; path = DashboardView.swift; sourceTree = "<group>"; };
		8B361D05F4EEFCFE83185681 /* SystemDashboardWidgetExtension.appex */ = {isa = PBXFileReference; explicitFileType = "wrapper.app-extension"; includeInIndex = 0; path = SystemDashboardWidgetExtension.appex; sourceTree = BUILT_PRODUCTS_DIR; };
		8FB3DB50779177888DAE290B /* MetricFormatting.swift */ = {isa = PBXFileReference; includeInIndex = 1; lastKnownFileType = sourcecode.swift; path = MetricFormatting.swift; sourceTree = "<group>"; };
		9DCC4804EC0F3463F726C25F /* VisualEffectView.swift */ = {isa = PBXFileReference; includeInIndex = 1; lastKnownFileType = sourcecode.swift; path = VisualEffectView.swift; sourceTree = "<group>"; };
		AD1EE7FBE5CF2AE7FABEBC6D /* SystemSampler.swift */ = {isa = PBXFileReference; includeInIndex = 1; lastKnownFileType = sourcecode.swift; path = SystemSampler.swift; sourceTree = "<group>"; };
		AEAF8D0450902BF1994AF336 /* PrivacyInfo.xcprivacy */ = {isa = PBXFileReference; includeInIndex = 1; name = PrivacyInfo.xcprivacy; path = Widget/PrivacyInfo.xcprivacy; sourceTree = "<group>"; };
		B7CD577359838FF1A24A314F /* SystemDashboardWidget.swift */ = {isa = PBXFileReference; includeInIndex = 1; lastKnownFileType = sourcecode.swift; path = SystemDashboardWidget.swift; sourceTree = "<group>"; };
		BB23512253A054552B7B1A75 /* Metal.framework */ = {isa = PBXFileReference; lastKnownFileType = wrapper.framework; name = Metal.framework; path = Platforms/MacOSX.platform/Developer/SDKs/MacOSX15.0.sdk/System/Library/Frameworks/Metal.framework; sourceTree = DEVELOPER_DIR; };
		C032BD4C234B0552A14E6619 /* CoreGraphics.framework */ = {isa = PBXFileReference; lastKnownFileType = wrapper.framework; name = CoreGraphics.framework; path = Platforms/MacOSX.platform/Developer/SDKs/MacOSX15.0.sdk/System/Library/Frameworks/CoreGraphics.framework; sourceTree = DEVELOPER_DIR; };
		C3335D702255148169418735 /* SwiftUI.framework */ = {isa = PBXFileReference; lastKnownFileType = wrapper.framework; name = SwiftUI.framework; path = Platforms/MacOSX.platform/Developer/SDKs/MacOSX15.0.sdk/System/Library/Frameworks/SwiftUI.framework; sourceTree = DEVELOPER_DIR; };
		C47562DB9F4C0BD02ABEAFF4 /* MetricsStore.swift */ = {isa = PBXFileReference; includeInIndex = 1; lastKnownFileType = sourcecode.swift; path = MetricsStore.swift; sourceTree = "<group>"; };
		C87BD00F222935759B0DE557 /* PrivacyInfo.xcprivacy */ = {isa = PBXFileReference; includeInIndex = 1; name = PrivacyInfo.xcprivacy; path = App/PrivacyInfo.xcprivacy; sourceTree = "<group>"; };
		CCD3FF8989EB311A508C9675 /* WidgetPanelView.swift */ = {isa = PBXFileReference; includeInIndex = 1; lastKnownFileType = sourcecode.swift; path = WidgetPanelView.swift; sourceTree = "<group>"; };
		DFFAC8C552847EBF96E4D3ED /* AppInfo.plist */ = {isa = PBXFileReference; includeInIndex = 1; lastKnownFileType = text.plist.xml; path = AppInfo.plist; sourceTree = "<group>"; };
		EBD34F1FBF31B741B0895CCF /* main.swift */ = {isa = PBXFileReference; includeInIndex = 1; lastKnownFileType = sourcecode.swift; path = main.swift; sourceTree = "<group>"; };
		F53BE9B0630C6B80488F19BB /* SystemDashboardWidget.entitlements */ = {isa = PBXFileReference; includeInIndex = 1; lastKnownFileType = text.plist.entitlements; path = SystemDashboardWidget.entitlements; sourceTree = "<group>"; };
		F9AB47B9AC5636267065DC33 /* IOKit.framework */ = {isa = PBXFileReference; lastKnownFileType = wrapper.framework; name = IOKit.framework; path = Platforms/MacOSX.platform/Developer/SDKs/MacOSX15.0.sdk/System/Library/Frameworks/IOKit.framework; sourceTree = DEVELOPER_DIR; };
/* End PBXFileReference section */

/* Begin PBXFrameworksBuildPhase section */
		C115D1229E9141D38C92E96C /* Frameworks */ = {
			isa = PBXFrameworksBuildPhase;
			buildActionMask = 2147483647;
			files = (
				72CE58FCC40B0FF27484D1A3 /* Cocoa.framework in Frameworks */,
				8EEBE31CE32DE258807C0AAB /* SwiftUI.framework in Frameworks */,
				EA461ECAE41DF124E7F7145B /* WidgetKit.framework in Frameworks */,
				415F685CBADF35C6BDBEFBED /* CoreGraphics.framework in Frameworks */,
				E449FA3AFBBBF27F8931F940 /* IOKit.framework in Frameworks */,
				48B84D9EDD42B8C553B97E86 /* Metal.framework in Frameworks */,
				D7A11AD62E6025D40288C018 /* Network.framework in Frameworks */,
				1ED8C6DD263DED7C113577F6 /* SystemConfiguration.framework in Frameworks */,
			);
			runOnlyForDeploymentPostprocessing = 0;
		};
		F6294ED735242EF3BEF3226D /* Frameworks */ = {
			isa = PBXFrameworksBuildPhase;
			buildActionMask = 2147483647;
			files = (
				11CFE7B75B5A79856019B436 /* Cocoa.framework in Frameworks */,
				BCD17CAFCB0575E3F7DDDBCF /* SwiftUI.framework in Frameworks */,
				796E42705C26319F60A534B7 /* AppKit.framework in Frameworks */,
				3DB139FF8A7AF7E61D72B341 /* WidgetKit.framework in Frameworks */,
				7901DFBE60ED5BACECA5B97A /* CoreGraphics.framework in Frameworks */,
				7D4F4CF628A960144C333F0C /* IOKit.framework in Frameworks */,
				835A5EF4E2BB402867E3FCAD /* Metal.framework in Frameworks */,
				FC2D9B4164C29DE90BC4379E /* Network.framework in Frameworks */,
				552C65C30C671DF1F8E37B95 /* SystemConfiguration.framework in Frameworks */,
			);
			runOnlyForDeploymentPostprocessing = 0;
		};
/* End PBXFrameworksBuildPhase section */

/* Begin PBXGroup section */
		07A10DABE89DF0B7CF035C05 /* SharedMetrics */ = {
			isa = PBXGroup;
			children = (
				5490C53015279E356190B14E /* MenuBarPopoverGeometry.swift */,
				8FB3DB50779177888DAE290B /* MetricFormatting.swift */,
				3D73B5307D7D68074054B1C8 /* MetricSnapshot.swift */,
				AD1EE7FBE5CF2AE7FABEBC6D /* SystemSampler.swift */,
			);
			name = SharedMetrics;
			path = Sources/SharedMetrics;
			sourceTree = "<group>";
		};
		2C88ED6379F42022FA2DD695 /* Frameworks */ = {
			isa = PBXGroup;
			children = (
				4664A1C79000649FE6A2DA97 /* OS X */,
			);
			name = Frameworks;
			sourceTree = "<group>";
		};
		4664A1C79000649FE6A2DA97 /* OS X */ = {
			isa = PBXGroup;
			children = (
				42B10DD49FE53BA10ABEF178 /* Cocoa.framework */,
				C3335D702255148169418735 /* SwiftUI.framework */,
				6F54589C72183A9403C308B4 /* AppKit.framework */,
				46FA4C42599CAF5DECB49B8D /* WidgetKit.framework */,
				C032BD4C234B0552A14E6619 /* CoreGraphics.framework */,
				F9AB47B9AC5636267065DC33 /* IOKit.framework */,
				BB23512253A054552B7B1A75 /* Metal.framework */,
				078D3DF8AEFAC29B95CFCDCB /* Network.framework */,
				70B289CA4E82D9DE66249F46 /* SystemConfiguration.framework */,
			);
			name = "OS X";
			sourceTree = "<group>";
		};
		886CEF629AF974B5FDC3AC6D = {
			isa = PBXGroup;
			children = (
				C318549E47B43317A7D04569 /* Products */,
				2C88ED6379F42022FA2DD695 /* Frameworks */,
				07A10DABE89DF0B7CF035C05 /* SharedMetrics */,
				D8ACD9AE027963E237DB1BB5 /* SystemDashboardApp */,
				9EA0937AA804FDE6EE3FC2D7 /* SystemDashboardWidget */,
				8CF8C8BD8E13AC51BEE53544 /* Resources */,
			);
			sourceTree = "<group>";
		};
		8CF8C8BD8E13AC51BEE53544 /* Resources */ = {
			isa = PBXGroup;
			children = (
				DFFAC8C552847EBF96E4D3ED /* AppInfo.plist */,
				5116F0F27624AA786F85388D /* WidgetInfo.plist */,
				1329F84DC4CD01902F339700 /* SystemDashboard.entitlements */,
				F53BE9B0630C6B80488F19BB /* SystemDashboardWidget.entitlements */,
				C87BD00F222935759B0DE557 /* PrivacyInfo.xcprivacy */,
				AEAF8D0450902BF1994AF336 /* PrivacyInfo.xcprivacy */,
				5DE48AB85C86A5B3B2338D3B /* AppIcon.icns */,
			);
			name = Resources;
			path = Resources;
			sourceTree = "<group>";
		};
		9EA0937AA804FDE6EE3FC2D7 /* SystemDashboardWidget */ = {
			isa = PBXGroup;
			children = (
				B7CD577359838FF1A24A314F /* SystemDashboardWidget.swift */,
			);
			name = SystemDashboardWidget;
			path = Sources/SystemDashboardWidget;
			sourceTree = "<group>";
		};
		C318549E47B43317A7D04569 /* Products */ = {
			isa = PBXGroup;
			children = (
				3F65CBF393D2C6023A956A52 /* SystemDashboard.app */,
				8B361D05F4EEFCFE83185681 /* SystemDashboardWidgetExtension.appex */,
			);
			name = Products;
			sourceTree = "<group>";
		};
		D8ACD9AE027963E237DB1BB5 /* SystemDashboardApp */ = {
			isa = PBXGroup;
			children = (
				24F720EFE81C21E3D00E444B /* AppDelegate.swift */,
				88B39E19EFB74965759F9D62 /* DashboardView.swift */,
				C47562DB9F4C0BD02ABEAFF4 /* MetricsStore.swift */,
				9DCC4804EC0F3463F726C25F /* VisualEffectView.swift */,
				CCD3FF8989EB311A508C9675 /* WidgetPanelView.swift */,
				EBD34F1FBF31B741B0895CCF /* main.swift */,
			);
			name = SystemDashboardApp;
			path = Sources/SystemDashboardApp;
			sourceTree = "<group>";
		};
/* End PBXGroup section */

/* Begin PBXNativeTarget section */
		2D49E66C0774BBA283455B29 /* SystemDashboardWidgetExtension */ = {
			isa = PBXNativeTarget;
			buildConfigurationList = 75C5DDE69D6340FFC119B2A9 /* Build configuration list for PBXNativeTarget "SystemDashboardWidgetExtension" */;
			buildPhases = (
				A969D0E3EDCA68C12AE81439 /* Sources */,
				C115D1229E9141D38C92E96C /* Frameworks */,
				344538CF02668FD1367AA247 /* Resources */,
			);
			buildRules = (
			);
			dependencies = (
			);
			name = SystemDashboardWidgetExtension;
			productName = SystemDashboardWidgetExtension;
			productReference = 8B361D05F4EEFCFE83185681 /* SystemDashboardWidgetExtension.appex */;
			productType = "com.apple.product-type.app-extension";
		};
		F55AC093A990E586E1443DB2 /* SystemDashboard */ = {
			isa = PBXNativeTarget;
			buildConfigurationList = 30EB96AE3B13985D980BE8CE /* Build configuration list for PBXNativeTarget "SystemDashboard" */;
			buildPhases = (
				23B9ED0C0A7114C8C4A754FA /* Sources */,
				F6294ED735242EF3BEF3226D /* Frameworks */,
				50583C673BB418D5CBCF7EB4 /* Resources */,
				59EEDDD450D5B2BA23991829 /* Embed App Extensions */,
			);
			buildRules = (
			);
			dependencies = (
				9BA98B5BD25909B87A7455D8 /* PBXTargetDependency */,
			);
			name = SystemDashboard;
			productName = SystemDashboard;
			productReference = 3F65CBF393D2C6023A956A52 /* SystemDashboard.app */;
			productType = "com.apple.product-type.application";
		};
/* End PBXNativeTarget section */

/* Begin PBXProject section */
		55262E10A875FB4AF49D68AC /* Project object */ = {
			isa = PBXProject;
			attributes = {
				LastSwiftUpdateCheck = 1600;
				LastUpgradeCheck = 1600;
			};
			buildConfigurationList = E4EC5589EB4BAEA1EB475C57 /* Build configuration list for PBXProject "SystemDashboard" */;
			compatibilityVersion = "Xcode 3.2";
			developmentRegion = en;
			hasScannedForEncodings = 0;
			knownRegions = (
				en,
				Base,
			);
			mainGroup = 886CEF629AF974B5FDC3AC6D;
			minimizedProjectReferenceProxies = 0;
			preferredProjectObjectVersion = 77;
			productRefGroup = C318549E47B43317A7D04569 /* Products */;
			projectDirPath = "";
			projectRoot = "";
			targets = (
				F55AC093A990E586E1443DB2 /* SystemDashboard */,
				2D49E66C0774BBA283455B29 /* SystemDashboardWidgetExtension */,
			);
		};
/* End PBXProject section */

/* Begin PBXResourcesBuildPhase section */
		344538CF02668FD1367AA247 /* Resources */ = {
			isa = PBXResourcesBuildPhase;
			buildActionMask = 2147483647;
			files = (
				EBCB9341B6A98DE8F81BE51C /* PrivacyInfo.xcprivacy in Resources */,
			);
			runOnlyForDeploymentPostprocessing = 0;
		};
		50583C673BB418D5CBCF7EB4 /* Resources */ = {
			isa = PBXResourcesBuildPhase;
			buildActionMask = 2147483647;
			files = (
				6E72718E1638DB11BB323C09 /* PrivacyInfo.xcprivacy in Resources */,
				2912D620DAD334ACC71B166C /* AppIcon.icns in Resources */,
			);
			runOnlyForDeploymentPostprocessing = 0;
		};
/* End PBXResourcesBuildPhase section */

/* Begin PBXSourcesBuildPhase section */
		23B9ED0C0A7114C8C4A754FA /* Sources */ = {
			isa = PBXSourcesBuildPhase;
			buildActionMask = 2147483647;
			files = (
				FB6E91767E64E393D39A7990 /* MenuBarPopoverGeometry.swift in Sources */,
				9EB81C673AB0EDAC0B460C72 /* MetricFormatting.swift in Sources */,
				FF2B208EC61AB2EBFC59EA37 /* MetricSnapshot.swift in Sources */,
				70344CD7695A6E6FA44893D5 /* SystemSampler.swift in Sources */,
				E0826F91F32B0D58E6623F10 /* AppDelegate.swift in Sources */,
				850B4D9C190E5D5E3A939307 /* DashboardView.swift in Sources */,
				0313B8D51C71ECE9178BC2E4 /* MetricsStore.swift in Sources */,
				7C62C1A7F89A34BED7D2768D /* VisualEffectView.swift in Sources */,
				B0BE6F6C7BDD9CA68A0BD5A7 /* WidgetPanelView.swift in Sources */,
				5F313517F402BC7E55F3E42C /* main.swift in Sources */,
			);
			runOnlyForDeploymentPostprocessing = 0;
		};
		A969D0E3EDCA68C12AE81439 /* Sources */ = {
			isa = PBXSourcesBuildPhase;
			buildActionMask = 2147483647;
			files = (
				B75AD83F7D85D19698B3159B /* MenuBarPopoverGeometry.swift in Sources */,
				ABD1E67CC3ABD9CB41912EDD /* MetricFormatting.swift in Sources */,
				514D074C89D3EF00C3D15786 /* MetricSnapshot.swift in Sources */,
				5B99C4E044FD2600983FD7C6 /* SystemSampler.swift in Sources */,
				41618BE406BC7C136BFB6AB4 /* SystemDashboardWidget.swift in Sources */,
			);
			runOnlyForDeploymentPostprocessing = 0;
		};
/* End PBXSourcesBuildPhase section */

/* Begin PBXTargetDependency section */
		9BA98B5BD25909B87A7455D8 /* PBXTargetDependency */ = {
			isa = PBXTargetDependency;
			name = SystemDashboardWidgetExtension;
			target = 2D49E66C0774BBA283455B29 /* SystemDashboardWidgetExtension */;
			targetProxy = E9BF62D7AEB538BDD7CDC2E6 /* PBXContainerItemProxy */;
		};
/* End PBXTargetDependency section */

/* Begin XCBuildConfiguration section */
		7DFA9F8A9848D4A68A8F6D95 /* Debug */ = {
			isa = XCBuildConfiguration;
			buildSettings = {
				ALWAYS_SEARCH_USER_PATHS = NO;
				CLANG_ANALYZER_NONNULL = YES;
				CLANG_ANALYZER_NUMBER_OBJECT_CONVERSION = YES_AGGRESSIVE;
				CLANG_CXX_LANGUAGE_STANDARD = "gnu++14";
				CLANG_CXX_LIBRARY = "libc++";
				CLANG_ENABLE_MODULES = YES;
				CLANG_ENABLE_OBJC_ARC = YES;
				CLANG_ENABLE_OBJC_WEAK = YES;
				CLANG_WARN_BLOCK_CAPTURE_AUTORELEASING = YES;
				CLANG_WARN_BOOL_CONVERSION = YES;
				CLANG_WARN_COMMA = YES;
				CLANG_WARN_CONSTANT_CONVERSION = YES;
				CLANG_WARN_DEPRECATED_OBJC_IMPLEMENTATIONS = YES;
				CLANG_WARN_DIRECT_OBJC_ISA_USAGE = YES_ERROR;
				CLANG_WARN_DOCUMENTATION_COMMENTS = YES;
				CLANG_WARN_EMPTY_BODY = YES;
				CLANG_WARN_ENUM_CONVERSION = YES;
				CLANG_WARN_INFINITE_RECURSION = YES;
				CLANG_WARN_INT_CONVERSION = YES;
				CLANG_WARN_NON_LITERAL_NULL_CONVERSION = YES;
				CLANG_WARN_OBJC_IMPLICIT_RETAIN_SELF = YES;
				CLANG_WARN_OBJC_LITERAL_CONVERSION = YES;
				CLANG_WARN_OBJC_ROOT_CLASS = YES_ERROR;
				CLANG_WARN_QUOTED_INCLUDE_IN_FRAMEWORK_HEADER = YES;
				CLANG_WARN_RANGE_LOOP_ANALYSIS = YES;
				CLANG_WARN_STRICT_PROTOTYPES = YES;
				CLANG_WARN_SUSPICIOUS_MOVE = YES;
				CLANG_WARN_UNGUARDED_AVAILABILITY = YES_AGGRESSIVE;
				CLANG_WARN_UNREACHABLE_CODE = YES;
				CLANG_WARN__DUPLICATE_METHOD_MATCH = YES;
				COPY_PHASE_STRIP = NO;
				DEBUG_INFORMATION_FORMAT = dwarf;
				ENABLE_STRICT_OBJC_MSGSEND = YES;
				ENABLE_TESTABILITY = YES;
				GCC_C_LANGUAGE_STANDARD = gnu11;
				GCC_DYNAMIC_NO_PIC = NO;
				GCC_NO_COMMON_BLOCKS = YES;
				GCC_OPTIMIZATION_LEVEL = 0;
				GCC_PREPROCESSOR_DEFINITIONS = (
					"DEBUG=1",
					"$(inherited)",
				);
				GCC_WARN_64_TO_32_BIT_CONVERSION = YES;
				GCC_WARN_ABOUT_RETURN_TYPE = YES_ERROR;
				GCC_WARN_UNDECLARED_SELECTOR = YES;
				GCC_WARN_UNINITIALIZED_AUTOS = YES_AGGRESSIVE;
				GCC_WARN_UNUSED_FUNCTION = YES;
				GCC_WARN_UNUSED_VARIABLE = YES;
				MTL_ENABLE_DEBUG_INFO = INCLUDE_SOURCE;
				MTL_FAST_MATH = YES;
				ONLY_ACTIVE_ARCH = YES;
				PRODUCT_NAME = "$(TARGET_NAME)";
				SWIFT_ACTIVE_COMPILATION_CONDITIONS = DEBUG;
				SWIFT_OPTIMIZATION_LEVEL = "-Onone";
				SWIFT_VERSION = 5.0;
			};
			name = Debug;
		};
		96DCE3C293708F433C60F1C9 /* Debug */ = {
			isa = XCBuildConfiguration;
			buildSettings = {
				CODE_SIGN_ENTITLEMENTS = Resources/SystemDashboardWidget.entitlements;
				CODE_SIGN_STYLE = Automatic;
				CURRENT_PROJECT_VERSION = 1;
				DEVELOPMENT_TEAM = "";
				ENABLE_HARDENED_RUNTIME = YES;
				GENERATE_INFOPLIST_FILE = NO;
				INFOPLIST_FILE = Resources/WidgetInfo.plist;
				MACOSX_DEPLOYMENT_TARGET = 14.0;
				MARKETING_VERSION = 1.0.0;
				PRODUCT_BUNDLE_IDENTIFIER = com.ifonly3.pulsedock.widget;
				PRODUCT_NAME = PulseDockWidgetExtension;
				SDKROOT = macosx;
				SWIFT_VERSION = 6.0;
			};
			name = Debug;
		};
		9B5F6E0CD9A98A2EFB04AD44 /* Debug */ = {
			isa = XCBuildConfiguration;
			buildSettings = {
				CODE_SIGN_ENTITLEMENTS = Resources/SystemDashboard.entitlements;
				CODE_SIGN_STYLE = Automatic;
				COMBINE_HIDPI_IMAGES = YES;
				CURRENT_PROJECT_VERSION = 1;
				DEVELOPMENT_TEAM = "";
				ENABLE_HARDENED_RUNTIME = YES;
				GENERATE_INFOPLIST_FILE = NO;
				INFOPLIST_FILE = Resources/AppInfo.plist;
				LD_RUNPATH_SEARCH_PATHS = "$(inherited) @executable_path/../Frameworks";
				MACOSX_DEPLOYMENT_TARGET = 14.0;
				MARKETING_VERSION = 1.0.0;
				PRODUCT_BUNDLE_IDENTIFIER = com.ifonly3.pulsedock;
				PRODUCT_NAME = "Pulse Dock";
				SDKROOT = macosx;
				SWIFT_VERSION = 6.0;
			};
			name = Debug;
		};
		A45DDA3A8949D228C91FD2FF /* Release */ = {
			isa = XCBuildConfiguration;
			buildSettings = {
				ALWAYS_SEARCH_USER_PATHS = NO;
				CLANG_ANALYZER_NONNULL = YES;
				CLANG_ANALYZER_NUMBER_OBJECT_CONVERSION = YES_AGGRESSIVE;
				CLANG_CXX_LANGUAGE_STANDARD = "gnu++14";
				CLANG_CXX_LIBRARY = "libc++";
				CLANG_ENABLE_MODULES = YES;
				CLANG_ENABLE_OBJC_ARC = YES;
				CLANG_ENABLE_OBJC_WEAK = YES;
				CLANG_WARN_BLOCK_CAPTURE_AUTORELEASING = YES;
				CLANG_WARN_BOOL_CONVERSION = YES;
				CLANG_WARN_COMMA = YES;
				CLANG_WARN_CONSTANT_CONVERSION = YES;
				CLANG_WARN_DEPRECATED_OBJC_IMPLEMENTATIONS = YES;
				CLANG_WARN_DIRECT_OBJC_ISA_USAGE = YES_ERROR;
				CLANG_WARN_DOCUMENTATION_COMMENTS = YES;
				CLANG_WARN_EMPTY_BODY = YES;
				CLANG_WARN_ENUM_CONVERSION = YES;
				CLANG_WARN_INFINITE_RECURSION = YES;
				CLANG_WARN_INT_CONVERSION = YES;
				CLANG_WARN_NON_LITERAL_NULL_CONVERSION = YES;
				CLANG_WARN_OBJC_IMPLICIT_RETAIN_SELF = YES;
				CLANG_WARN_OBJC_LITERAL_CONVERSION = YES;
				CLANG_WARN_OBJC_ROOT_CLASS = YES_ERROR;
				CLANG_WARN_QUOTED_INCLUDE_IN_FRAMEWORK_HEADER = YES;
				CLANG_WARN_RANGE_LOOP_ANALYSIS = YES;
				CLANG_WARN_STRICT_PROTOTYPES = YES;
				CLANG_WARN_SUSPICIOUS_MOVE = YES;
				CLANG_WARN_UNGUARDED_AVAILABILITY = YES_AGGRESSIVE;
				CLANG_WARN_UNREACHABLE_CODE = YES;
				CLANG_WARN__DUPLICATE_METHOD_MATCH = YES;
				COPY_PHASE_STRIP = NO;
				DEBUG_INFORMATION_FORMAT = "dwarf-with-dsym";
				ENABLE_NS_ASSERTIONS = NO;
				ENABLE_STRICT_OBJC_MSGSEND = YES;
				GCC_C_LANGUAGE_STANDARD = gnu11;
				GCC_NO_COMMON_BLOCKS = YES;
				GCC_WARN_64_TO_32_BIT_CONVERSION = YES;
				GCC_WARN_ABOUT_RETURN_TYPE = YES_ERROR;
				GCC_WARN_UNDECLARED_SELECTOR = YES;
				GCC_WARN_UNINITIALIZED_AUTOS = YES_AGGRESSIVE;
				GCC_WARN_UNUSED_FUNCTION = YES;
				GCC_WARN_UNUSED_VARIABLE = YES;
				MTL_ENABLE_DEBUG_INFO = NO;
				MTL_FAST_MATH = YES;
				PRODUCT_NAME = "$(TARGET_NAME)";
				SWIFT_COMPILATION_MODE = wholemodule;
				SWIFT_OPTIMIZATION_LEVEL = "-O";
				SWIFT_VERSION = 5.0;
			};
			name = Release;
		};
		DE80229F5C18B0F3BF5D8AD0 /* Release */ = {
			isa = XCBuildConfiguration;
			buildSettings = {
				CODE_SIGN_ENTITLEMENTS = Resources/SystemDashboard.entitlements;
				CODE_SIGN_STYLE = Automatic;
				COMBINE_HIDPI_IMAGES = YES;
				CURRENT_PROJECT_VERSION = 1;
				DEVELOPMENT_TEAM = "";
				ENABLE_HARDENED_RUNTIME = YES;
				GENERATE_INFOPLIST_FILE = NO;
				INFOPLIST_FILE = Resources/AppInfo.plist;
				LD_RUNPATH_SEARCH_PATHS = "$(inherited) @executable_path/../Frameworks";
				MACOSX_DEPLOYMENT_TARGET = 14.0;
				MARKETING_VERSION = 1.0.0;
				PRODUCT_BUNDLE_IDENTIFIER = com.ifonly3.pulsedock;
				PRODUCT_NAME = "Pulse Dock";
				SDKROOT = macosx;
				SWIFT_VERSION = 6.0;
			};
			name = Release;
		};
		F3234DB0FFCB0665DEE1EFE3 /* Release */ = {
			isa = XCBuildConfiguration;
			buildSettings = {
				CODE_SIGN_ENTITLEMENTS = Resources/SystemDashboardWidget.entitlements;
				CODE_SIGN_STYLE = Automatic;
				CURRENT_PROJECT_VERSION = 1;
				DEVELOPMENT_TEAM = "";
				ENABLE_HARDENED_RUNTIME = YES;
				GENERATE_INFOPLIST_FILE = NO;
				INFOPLIST_FILE = Resources/WidgetInfo.plist;
				MACOSX_DEPLOYMENT_TARGET = 14.0;
				MARKETING_VERSION = 1.0.0;
				PRODUCT_BUNDLE_IDENTIFIER = com.ifonly3.pulsedock.widget;
				PRODUCT_NAME = PulseDockWidgetExtension;
				SDKROOT = macosx;
				SWIFT_VERSION = 6.0;
			};
			name = Release;
		};
/* End XCBuildConfiguration section */

/* Begin XCConfigurationList section */
		30EB96AE3B13985D980BE8CE /* Build configuration list for PBXNativeTarget "SystemDashboard" */ = {
			isa = XCConfigurationList;
			buildConfigurations = (
				DE80229F5C18B0F3BF5D8AD0 /* Release */,
				9B5F6E0CD9A98A2EFB04AD44 /* Debug */,
			);
			defaultConfigurationIsVisible = 0;
			defaultConfigurationName = Release;
		};
		75C5DDE69D6340FFC119B2A9 /* Build configuration list for PBXNativeTarget "SystemDashboardWidgetExtension" */ = {
			isa = XCConfigurationList;
			buildConfigurations = (
				F3234DB0FFCB0665DEE1EFE3 /* Release */,
				96DCE3C293708F433C60F1C9 /* Debug */,
			);
			defaultConfigurationIsVisible = 0;
			defaultConfigurationName = Release;
		};
		E4EC5589EB4BAEA1EB475C57 /* Build configuration list for PBXProject "SystemDashboard" */ = {
			isa = XCConfigurationList;
			buildConfigurations = (
				7DFA9F8A9848D4A68A8F6D95 /* Debug */,
				A45DDA3A8949D228C91FD2FF /* Release */,
			);
			defaultConfigurationIsVisible = 0;
			defaultConfigurationName = Release;
		};
/* End XCConfigurationList section */
	};
	rootObject = 55262E10A875FB4AF49D68AC /* Project object */;
}
