// !$*UTF8*$!
{
	archiveVersion = 1;
	classes = {
	};
	objectVersion = 46;
	objects = {

/* Begin PBXBuildFile section */
		0086885AFDE7200A97E79D0C /* PulseDockAppGroup.swift in Sources */ = {isa = PBXBuildFile; fileRef = 9A192E7F2A76AFC8C3B064BD /* PulseDockAppGroup.swift */; };
		025FC081E7163B83A2FA6CE9 /* AppKit.framework in Frameworks */ = {isa = PBXBuildFile; fileRef = 942EB90922AD916311F69B6E /* AppKit.framework */; };
		037DCE8FF536ADB0BDED3561 /* MetricSnapshot.swift in Sources */ = {isa = PBXBuildFile; fileRef = 6FE92D31CA31E76B50BA9EB0 /* MetricSnapshot.swift */; };
		078905987AE946076B4AFE7F /* SwiftUI.framework in Frameworks */ = {isa = PBXBuildFile; fileRef = F9422D7861F9F1834E398295 /* SwiftUI.framework */; };
		086ED5B56206CA61F2F8EE50 /* IOKit.framework in Frameworks */ = {isa = PBXBuildFile; fileRef = 9C1475DDE62AD423E9FD0A4E /* IOKit.framework */; };
		0FE8C1C784FC0881A673E381 /* MetricSnapshot+WidgetCompact.swift in Sources */ = {isa = PBXBuildFile; fileRef = 2F548D4FF6FFB23B79A246A9 /* MetricSnapshot+WidgetCompact.swift */; };
		148055FE9A0662E281122BD6 /* SystemConfiguration.framework in Frameworks */ = {isa = PBXBuildFile; fileRef = 0F22E924B6C30A04521E8080 /* SystemConfiguration.framework */; };
		20DE46E20CA3A99D0E0A6A34 /* Metal.framework in Frameworks */ = {isa = PBXBuildFile; fileRef = E93890CA354966185A25A516 /* Metal.framework */; };
		25BD1765E72AF3AFB19C85F2 /* MetricFormatting.swift in Sources */ = {isa = PBXBuildFile; fileRef = 3909F7A326CE4228D39FAFFE /* MetricFormatting.swift */; };
		28507FEE01F102E6C34B64D5 /* SystemDashboardWidget.swift in Sources */ = {isa = PBXBuildFile; fileRef = 3C1665893EB6F9C04F30E1D2 /* SystemDashboardWidget.swift */; };
		28FC21140E1F8A967C0631EE /* AppDelegate.swift in Sources */ = {isa = PBXBuildFile; fileRef = CA89CE88F264FB0E50EDCFDC /* AppDelegate.swift */; };
		2E96B59A7F7BD29BC6E090E8 /* MetricSnapshot.swift in Sources */ = {isa = PBXBuildFile; fileRef = 6FE92D31CA31E76B50BA9EB0 /* MetricSnapshot.swift */; };
		2FEEEC77B00FEA3E179119C8 /* SystemSampler.swift in Sources */ = {isa = PBXBuildFile; fileRef = F2DB4305F5B6117C89EEDEA2 /* SystemSampler.swift */; };
		34A56B7B112988EFE3D54D96 /* WidgetKit.framework in Frameworks */ = {isa = PBXBuildFile; fileRef = 6A5A803261A477A25B9750E5 /* WidgetKit.framework */; };
		3E04EF4352800040734CE543 /* Cocoa.framework in Frameworks */ = {isa = PBXBuildFile; fileRef = 31C782B73E823C130ED1E78A /* Cocoa.framework */; };
		3EF871FA6DAC05D17FD4B33C /* PulseDockWidgetExtension.appex in Embed App Extensions */ = {isa = PBXBuildFile; fileRef = 87ABEB3B74DE67B762322B21 /* PulseDockWidgetExtension.appex */; };
		40BB7C8660B0A06770FDE243 /* CoreGraphics.framework in Frameworks */ = {isa = PBXBuildFile; fileRef = 6567D286C636191027CAF828 /* CoreGraphics.framework */; };
		422C34900AF39FBE848EDF3A /* MetricsStore.swift in Sources */ = {isa = PBXBuildFile; fileRef = 27DF0D54B925917A2C999A3B /* MetricsStore.swift */; };
		4A95E85F23026D2A46F3360F /* WidgetPanelView.swift in Sources */ = {isa = PBXBuildFile; fileRef = 6757468419EBA1FC1968598C /* WidgetPanelView.swift */; };
		4F4767E7D3F1357AA50DB850 /* SwiftUI.framework in Frameworks */ = {isa = PBXBuildFile; fileRef = F9422D7861F9F1834E398295 /* SwiftUI.framework */; };
		601FC38E897B4DBAE6177670 /* MenuBarPopoverGeometry.swift in Sources */ = {isa = PBXBuildFile; fileRef = A7BCD8935B025DC33BFFE6BC /* MenuBarPopoverGeometry.swift */; };
		64FF4C75834379214EDBA500 /* CoreGraphics.framework in Frameworks */ = {isa = PBXBuildFile; fileRef = 6567D286C636191027CAF828 /* CoreGraphics.framework */; };
		66A39AB9E5636FDBA82F31CE /* Cocoa.framework in Frameworks */ = {isa = PBXBuildFile; fileRef = 31C782B73E823C130ED1E78A /* Cocoa.framework */; };
		67E633A53FBA8876CC2EE745 /* Network.framework in Frameworks */ = {isa = PBXBuildFile; fileRef = A72760FFA9158505D94229E8 /* Network.framework */; };
		685DC4081EC4BE4C48E9E532 /* MenuBarPopoverGeometry.swift in Sources */ = {isa = PBXBuildFile; fileRef = A7BCD8935B025DC33BFFE6BC /* MenuBarPopoverGeometry.swift */; };
		853BA7193148D0B0CF6E606B /* SharedSnapshotStore.swift in Sources */ = {isa = PBXBuildFile; fileRef = 47DD41454A9CC437C1A1C2B7 /* SharedSnapshotStore.swift */; };
		8DC6846EB823AC719001C383 /* PrivacyInfo.xcprivacy in Resources */ = {isa = PBXBuildFile; fileRef = 7092127B5BE2AE1B0155BC9F /* PrivacyInfo.xcprivacy */; };
		8E580C162898521433888741 /* Network.framework in Frameworks */ = {isa = PBXBuildFile; fileRef = A72760FFA9158505D94229E8 /* Network.framework */; };
		90540A5CE580E6D0FFD276B6 /* PulseDockAppGroup.swift in Sources */ = {isa = PBXBuildFile; fileRef = 9A192E7F2A76AFC8C3B064BD /* PulseDockAppGroup.swift */; };
		9B5E40BAD67AFCDCDA40E187 /* main.swift in Sources */ = {isa = PBXBuildFile; fileRef = 63436513FB50F7F0499B7D76 /* main.swift */; };
		AC8235AEEE71AD93DBFDC874 /* MetricFormatting.swift in Sources */ = {isa = PBXBuildFile; fileRef = 3909F7A326CE4228D39FAFFE /* MetricFormatting.swift */; };
		AD7603FAFFCFDF71792C67D4 /* PrivacyInfo.xcprivacy in Resources */ = {isa = PBXBuildFile; fileRef = 9F870A79C59D6219D9B409A8 /* PrivacyInfo.xcprivacy */; };
		AFC1E92E87E283663CB55D60 /* WidgetTimelineKind.swift in Sources */ = {isa = PBXBuildFile; fileRef = 69B5237ED83CC14E62D13791 /* WidgetTimelineKind.swift */; };
		B5E2F1C32576696D2C7E27D9 /* AppIcon.icns in Resources */ = {isa = PBXBuildFile; fileRef = 7775D4AB6FA56BA7FFBE27C0 /* AppIcon.icns */; };
		B6CD1C96A3951F06590F0FBA /* WidgetTimelineKind.swift in Sources */ = {isa = PBXBuildFile; fileRef = 69B5237ED83CC14E62D13791 /* WidgetTimelineKind.swift */; };
		B882B0A87291E0DE57E28FBA /* MetricSnapshot+WidgetCompact.swift in Sources */ = {isa = PBXBuildFile; fileRef = 2F548D4FF6FFB23B79A246A9 /* MetricSnapshot+WidgetCompact.swift */; };
		BA2966268D70CD744F5CC2BE /* DashboardView.swift in Sources */ = {isa = PBXBuildFile; fileRef = 571EF0151E4482928335CF83 /* DashboardView.swift */; };
		C27D80133FA5C867B1DC4925 /* PulseDockLinks.swift in Sources */ = {isa = PBXBuildFile; fileRef = 042D898C244EF79752609192 /* PulseDockLinks.swift */; };
		CA687F2FB6F17541AF383B65 /* IOKit.framework in Frameworks */ = {isa = PBXBuildFile; fileRef = 9C1475DDE62AD423E9FD0A4E /* IOKit.framework */; };
		D77EF6E2A455022F62705BF3 /* SharedSnapshotStore.swift in Sources */ = {isa = PBXBuildFile; fileRef = 47DD41454A9CC437C1A1C2B7 /* SharedSnapshotStore.swift */; };
		DBDD22E3CA0490C9624A5B03 /* Metal.framework in Frameworks */ = {isa = PBXBuildFile; fileRef = E93890CA354966185A25A516 /* Metal.framework */; };
		DE925308F0BE3856474C3063 /* SystemConfiguration.framework in Frameworks */ = {isa = PBXBuildFile; fileRef = 0F22E924B6C30A04521E8080 /* SystemConfiguration.framework */; };
		DFE56EFC64013DC305ECBDCE /* SystemSampler.swift in Sources */ = {isa = PBXBuildFile; fileRef = F2DB4305F5B6117C89EEDEA2 /* SystemSampler.swift */; };
		EE8CCF4CA94E5B8CC85786C0 /* WidgetKit.framework in Frameworks */ = {isa = PBXBuildFile; fileRef = 6A5A803261A477A25B9750E5 /* WidgetKit.framework */; };
		F4DA564C57B030C73839BF34 /* VisualEffectView.swift in Sources */ = {isa = PBXBuildFile; fileRef = 2C5ED4C13C113F939E3D8D99 /* VisualEffectView.swift */; };
/* End PBXBuildFile section */

/* Begin PBXContainerItemProxy section */
		88C4F81A574B316249B63FCF /* PBXContainerItemProxy */ = {
			isa = PBXContainerItemProxy;
			containerPortal = F86ACDD05DB5AE6A497CC89B /* Project object */;
			proxyType = 1;
			remoteGlobalIDString = F65E4FD74A5CC22268EB5ABD;
			remoteInfo = PulseDockWidgetExtension;
		};
/* End PBXContainerItemProxy section */

/* Begin PBXCopyFilesBuildPhase section */
		0C29998B0A59D3DA62CE3C8D /* Embed App Extensions */ = {
			isa = PBXCopyFilesBuildPhase;
			buildActionMask = 2147483647;
			dstPath = "";
			dstSubfolderSpec = 13;
			files = (
				3EF871FA6DAC05D17FD4B33C /* PulseDockWidgetExtension.appex in Embed App Extensions */,
			);
			name = "Embed App Extensions";
			runOnlyForDeploymentPostprocessing = 0;
		};
/* End PBXCopyFilesBuildPhase section */

/* Begin PBXFileReference section */
		042D898C244EF79752609192 /* PulseDockLinks.swift */ = {isa = PBXFileReference; includeInIndex = 1; lastKnownFileType = sourcecode.swift; path = PulseDockLinks.swift; sourceTree = "<group>"; };
		05FB13F2B390E711A7C83B3B /* AppInfo.plist */ = {isa = PBXFileReference; includeInIndex = 1; lastKnownFileType = text.plist.xml; path = AppInfo.plist; sourceTree = "<group>"; };
		0F22E924B6C30A04521E8080 /* SystemConfiguration.framework */ = {isa = PBXFileReference; lastKnownFileType = wrapper.framework; name = SystemConfiguration.framework; path = Platforms/MacOSX.platform/Developer/SDKs/MacOSX15.0.sdk/System/Library/Frameworks/SystemConfiguration.framework; sourceTree = DEVELOPER_DIR; };
		27DF0D54B925917A2C999A3B /* MetricsStore.swift */ = {isa = PBXFileReference; includeInIndex = 1; lastKnownFileType = sourcecode.swift; path = MetricsStore.swift; sourceTree = "<group>"; };
		2C5ED4C13C113F939E3D8D99 /* VisualEffectView.swift */ = {isa = PBXFileReference; includeInIndex = 1; lastKnownFileType = sourcecode.swift; path = VisualEffectView.swift; sourceTree = "<group>"; };
		2F548D4FF6FFB23B79A246A9 /* MetricSnapshot+WidgetCompact.swift */ = {isa = PBXFileReference; includeInIndex = 1; lastKnownFileType = sourcecode.swift; path = "MetricSnapshot+WidgetCompact.swift"; sourceTree = "<group>"; };
		31C782B73E823C130ED1E78A /* Cocoa.framework */ = {isa = PBXFileReference; lastKnownFileType = wrapper.framework; name = Cocoa.framework; path = Platforms/MacOSX.platform/Developer/SDKs/MacOSX15.0.sdk/System/Library/Frameworks/Cocoa.framework; sourceTree = DEVELOPER_DIR; };
		3909F7A326CE4228D39FAFFE /* MetricFormatting.swift */ = {isa = PBXFileReference; includeInIndex = 1; lastKnownFileType = sourcecode.swift; path = MetricFormatting.swift; sourceTree = "<group>"; };
		3C1665893EB6F9C04F30E1D2 /* SystemDashboardWidget.swift */ = {isa = PBXFileReference; includeInIndex = 1; lastKnownFileType = sourcecode.swift; path = SystemDashboardWidget.swift; sourceTree = "<group>"; };
		47DD41454A9CC437C1A1C2B7 /* SharedSnapshotStore.swift */ = {isa = PBXFileReference; includeInIndex = 1; lastKnownFileType = sourcecode.swift; path = SharedSnapshotStore.swift; sourceTree = "<group>"; };
		547EAF11EFB227773D20A045 /* WidgetInfo.plist */ = {isa = PBXFileReference; includeInIndex = 1; lastKnownFileType = text.plist.xml; path = WidgetInfo.plist; sourceTree = "<group>"; };
		571EF0151E4482928335CF83 /* DashboardView.swift */ = {isa = PBXFileReference; includeInIndex = 1; lastKnownFileType = sourcecode.swift; path = DashboardView.swift; sourceTree = "<group>"; };
		63436513FB50F7F0499B7D76 /* main.swift */ = {isa = PBXFileReference; includeInIndex = 1; lastKnownFileType = sourcecode.swift; path = main.swift; sourceTree = "<group>"; };
		6567D286C636191027CAF828 /* CoreGraphics.framework */ = {isa = PBXFileReference; lastKnownFileType = wrapper.framework; name = CoreGraphics.framework; path = Platforms/MacOSX.platform/Developer/SDKs/MacOSX15.0.sdk/System/Library/Frameworks/CoreGraphics.framework; sourceTree = DEVELOPER_DIR; };
		6757468419EBA1FC1968598C /* WidgetPanelView.swift */ = {isa = PBXFileReference; includeInIndex = 1; lastKnownFileType = sourcecode.swift; path = WidgetPanelView.swift; sourceTree = "<group>"; };
		69B5237ED83CC14E62D13791 /* WidgetTimelineKind.swift */ = {isa = PBXFileReference; includeInIndex = 1; lastKnownFileType = sourcecode.swift; path = WidgetTimelineKind.swift; sourceTree = "<group>"; };
		6A5A803261A477A25B9750E5 /* WidgetKit.framework */ = {isa = PBXFileReference; lastKnownFileType = wrapper.framework; name = WidgetKit.framework; path = Platforms/MacOSX.platform/Developer/SDKs/MacOSX15.0.sdk/System/Library/Frameworks/WidgetKit.framework; sourceTree = DEVELOPER_DIR; };
		6FE92D31CA31E76B50BA9EB0 /* MetricSnapshot.swift */ = {isa = PBXFileReference; includeInIndex = 1; lastKnownFileType = sourcecode.swift; path = MetricSnapshot.swift; sourceTree = "<group>"; };
		7092127B5BE2AE1B0155BC9F /* PrivacyInfo.xcprivacy */ = {isa = PBXFileReference; includeInIndex = 1; name = PrivacyInfo.xcprivacy; path = App/PrivacyInfo.xcprivacy; sourceTree = "<group>"; };
		7775D4AB6FA56BA7FFBE27C0 /* AppIcon.icns */ = {isa = PBXFileReference; includeInIndex = 1; path = AppIcon.icns; sourceTree = "<group>"; };
		87ABEB3B74DE67B762322B21 /* PulseDockWidgetExtension.appex */ = {isa = PBXFileReference; explicitFileType = "wrapper.app-extension"; includeInIndex = 0; path = PulseDockWidgetExtension.appex; sourceTree = BUILT_PRODUCTS_DIR; };
		942EB90922AD916311F69B6E /* AppKit.framework */ = {isa = PBXFileReference; lastKnownFileType = wrapper.framework; name = AppKit.framework; path = Platforms/MacOSX.platform/Developer/SDKs/MacOSX15.0.sdk/System/Library/Frameworks/AppKit.framework; sourceTree = DEVELOPER_DIR; };
		9A192E7F2A76AFC8C3B064BD /* PulseDockAppGroup.swift */ = {isa = PBXFileReference; includeInIndex = 1; lastKnownFileType = sourcecode.swift; path = PulseDockAppGroup.swift; sourceTree = "<group>"; };
		9C1475DDE62AD423E9FD0A4E /* IOKit.framework */ = {isa = PBXFileReference; lastKnownFileType = wrapper.framework; name = IOKit.framework; path = Platforms/MacOSX.platform/Developer/SDKs/MacOSX15.0.sdk/System/Library/Frameworks/IOKit.framework; sourceTree = DEVELOPER_DIR; };
		9F870A79C59D6219D9B409A8 /* PrivacyInfo.xcprivacy */ = {isa = PBXFileReference; includeInIndex = 1; name = PrivacyInfo.xcprivacy; path = Widget/PrivacyInfo.xcprivacy; sourceTree = "<group>"; };
		A72760FFA9158505D94229E8 /* Network.framework */ = {isa = PBXFileReference; lastKnownFileType = wrapper.framework; name = Network.framework; path = Platforms/MacOSX.platform/Developer/SDKs/MacOSX15.0.sdk/System/Library/Frameworks/Network.framework; sourceTree = DEVELOPER_DIR; };
		A7BCD8935B025DC33BFFE6BC /* MenuBarPopoverGeometry.swift */ = {isa = PBXFileReference; includeInIndex = 1; lastKnownFileType = sourcecode.swift; path = MenuBarPopoverGeometry.swift; sourceTree = "<group>"; };
		B8ECD27D04E504EAC3EAE4F7 /* Pulse Dock.app */ = {isa = PBXFileReference; explicitFileType = wrapper.application; includeInIndex = 0; path = "Pulse Dock.app"; sourceTree = BUILT_PRODUCTS_DIR; };
		B9C46FC9C03385322C2979FC /* PulseDockWidgetExtension.entitlements */ = {isa = PBXFileReference; includeInIndex = 1; lastKnownFileType = text.plist.entitlements; path = PulseDockWidgetExtension.entitlements; sourceTree = "<group>"; };
		CA89CE88F264FB0E50EDCFDC /* AppDelegate.swift */ = {isa = PBXFileReference; includeInIndex = 1; lastKnownFileType = sourcecode.swift; path = AppDelegate.swift; sourceTree = "<group>"; };
		D731DA069E5D28EA253517D2 /* PulseDock.entitlements */ = {isa = PBXFileReference; includeInIndex = 1; lastKnownFileType = text.plist.entitlements; path = PulseDock.entitlements; sourceTree = "<group>"; };
		E93890CA354966185A25A516 /* Metal.framework */ = {isa = PBXFileReference; lastKnownFileType = wrapper.framework; name = Metal.framework; path = Platforms/MacOSX.platform/Developer/SDKs/MacOSX15.0.sdk/System/Library/Frameworks/Metal.framework; sourceTree = DEVELOPER_DIR; };
		F2DB4305F5B6117C89EEDEA2 /* SystemSampler.swift */ = {isa = PBXFileReference; includeInIndex = 1; lastKnownFileType = sourcecode.swift; path = SystemSampler.swift; sourceTree = "<group>"; };
		F9422D7861F9F1834E398295 /* SwiftUI.framework */ = {isa = PBXFileReference; lastKnownFileType = wrapper.framework; name = SwiftUI.framework; path = Platforms/MacOSX.platform/Developer/SDKs/MacOSX15.0.sdk/System/Library/Frameworks/SwiftUI.framework; sourceTree = DEVELOPER_DIR; };
/* End PBXFileReference section */

/* Begin PBXFrameworksBuildPhase section */
		8155DB8A1E81B5E481FF8D45 /* Frameworks */ = {
			isa = PBXFrameworksBuildPhase;
			buildActionMask = 2147483647;
			files = (
				66A39AB9E5636FDBA82F31CE /* Cocoa.framework in Frameworks */,
				078905987AE946076B4AFE7F /* SwiftUI.framework in Frameworks */,
				34A56B7B112988EFE3D54D96 /* WidgetKit.framework in Frameworks */,
				40BB7C8660B0A06770FDE243 /* CoreGraphics.framework in Frameworks */,
				CA687F2FB6F17541AF383B65 /* IOKit.framework in Frameworks */,
				DBDD22E3CA0490C9624A5B03 /* Metal.framework in Frameworks */,
				67E633A53FBA8876CC2EE745 /* Network.framework in Frameworks */,
				DE925308F0BE3856474C3063 /* SystemConfiguration.framework in Frameworks */,
			);
			runOnlyForDeploymentPostprocessing = 0;
		};
		D11D3B2EA468317D0A98E206 /* Frameworks */ = {
			isa = PBXFrameworksBuildPhase;
			buildActionMask = 2147483647;
			files = (
				3E04EF4352800040734CE543 /* Cocoa.framework in Frameworks */,
				4F4767E7D3F1357AA50DB850 /* SwiftUI.framework in Frameworks */,
				025FC081E7163B83A2FA6CE9 /* AppKit.framework in Frameworks */,
				EE8CCF4CA94E5B8CC85786C0 /* WidgetKit.framework in Frameworks */,
				64FF4C75834379214EDBA500 /* CoreGraphics.framework in Frameworks */,
				086ED5B56206CA61F2F8EE50 /* IOKit.framework in Frameworks */,
				20DE46E20CA3A99D0E0A6A34 /* Metal.framework in Frameworks */,
				8E580C162898521433888741 /* Network.framework in Frameworks */,
				148055FE9A0662E281122BD6 /* SystemConfiguration.framework in Frameworks */,
			);
			runOnlyForDeploymentPostprocessing = 0;
		};
/* End PBXFrameworksBuildPhase section */

/* Begin PBXGroup section */
		149A95C6429D1FDB647448BF /* Products */ = {
			isa = PBXGroup;
			children = (
				B8ECD27D04E504EAC3EAE4F7 /* Pulse Dock.app */,
				87ABEB3B74DE67B762322B21 /* PulseDockWidgetExtension.appex */,
			);
			name = Products;
			sourceTree = "<group>";
		};
		16BFD94C3E37D94D3BB4944E /* Frameworks */ = {
			isa = PBXGroup;
			children = (
				2AA5C68E4BA6128B2843EB6C /* OS X */,
			);
			name = Frameworks;
			sourceTree = "<group>";
		};
		2AA5C68E4BA6128B2843EB6C /* OS X */ = {
			isa = PBXGroup;
			children = (
				31C782B73E823C130ED1E78A /* Cocoa.framework */,
				F9422D7861F9F1834E398295 /* SwiftUI.framework */,
				942EB90922AD916311F69B6E /* AppKit.framework */,
				6A5A803261A477A25B9750E5 /* WidgetKit.framework */,
				6567D286C636191027CAF828 /* CoreGraphics.framework */,
				9C1475DDE62AD423E9FD0A4E /* IOKit.framework */,
				E93890CA354966185A25A516 /* Metal.framework */,
				A72760FFA9158505D94229E8 /* Network.framework */,
				0F22E924B6C30A04521E8080 /* SystemConfiguration.framework */,
			);
			name = "OS X";
			sourceTree = "<group>";
		};
		3F121F66EF773DBD7C194BBB /* PulseDockWidget */ = {
			isa = PBXGroup;
			children = (
				3C1665893EB6F9C04F30E1D2 /* SystemDashboardWidget.swift */,
			);
			name = PulseDockWidget;
			path = Sources/PulseDockWidget;
			sourceTree = "<group>";
		};
		48BC41C62225D860512DEDCB /* Resources */ = {
			isa = PBXGroup;
			children = (
				05FB13F2B390E711A7C83B3B /* AppInfo.plist */,
				547EAF11EFB227773D20A045 /* WidgetInfo.plist */,
				D731DA069E5D28EA253517D2 /* PulseDock.entitlements */,
				B9C46FC9C03385322C2979FC /* PulseDockWidgetExtension.entitlements */,
				7092127B5BE2AE1B0155BC9F /* PrivacyInfo.xcprivacy */,
				9F870A79C59D6219D9B409A8 /* PrivacyInfo.xcprivacy */,
				7775D4AB6FA56BA7FFBE27C0 /* AppIcon.icns */,
			);
			name = Resources;
			path = Resources;
			sourceTree = "<group>";
		};
		737C591C51E0768A98244BCC /* SharedMetrics */ = {
			isa = PBXGroup;
			children = (
				A7BCD8935B025DC33BFFE6BC /* MenuBarPopoverGeometry.swift */,
				3909F7A326CE4228D39FAFFE /* MetricFormatting.swift */,
				2F548D4FF6FFB23B79A246A9 /* MetricSnapshot+WidgetCompact.swift */,
				6FE92D31CA31E76B50BA9EB0 /* MetricSnapshot.swift */,
				9A192E7F2A76AFC8C3B064BD /* PulseDockAppGroup.swift */,
				47DD41454A9CC437C1A1C2B7 /* SharedSnapshotStore.swift */,
				F2DB4305F5B6117C89EEDEA2 /* SystemSampler.swift */,
				69B5237ED83CC14E62D13791 /* WidgetTimelineKind.swift */,
			);
			name = SharedMetrics;
			path = Sources/SharedMetrics;
			sourceTree = "<group>";
		};
		79514BA1DC77B741B51D5FFF = {
			isa = PBXGroup;
			children = (
				149A95C6429D1FDB647448BF /* Products */,
				16BFD94C3E37D94D3BB4944E /* Frameworks */,
				737C591C51E0768A98244BCC /* SharedMetrics */,
				A4F48C48710AC6B37311B3F6 /* PulseDockApp */,
				3F121F66EF773DBD7C194BBB /* PulseDockWidget */,
				48BC41C62225D860512DEDCB /* Resources */,
			);
			sourceTree = "<group>";
		};
		A4F48C48710AC6B37311B3F6 /* PulseDockApp */ = {
			isa = PBXGroup;
			children = (
				CA89CE88F264FB0E50EDCFDC /* AppDelegate.swift */,
				571EF0151E4482928335CF83 /* DashboardView.swift */,
				27DF0D54B925917A2C999A3B /* MetricsStore.swift */,
				042D898C244EF79752609192 /* PulseDockLinks.swift */,
				2C5ED4C13C113F939E3D8D99 /* VisualEffectView.swift */,
				6757468419EBA1FC1968598C /* WidgetPanelView.swift */,
				63436513FB50F7F0499B7D76 /* main.swift */,
			);
			name = PulseDockApp;
			path = Sources/PulseDockApp;
			sourceTree = "<group>";
		};
/* End PBXGroup section */

/* Begin PBXNativeTarget section */
		4A21E51561F2C81581B8D974 /* PulseDock */ = {
			isa = PBXNativeTarget;
			buildConfigurationList = F3837B024B6C5A8FECEBF44B /* Build configuration list for PBXNativeTarget "PulseDock" */;
			buildPhases = (
				FCAA77F60668FF04D2EE91A1 /* Sources */,
				D11D3B2EA468317D0A98E206 /* Frameworks */,
				08E3D82F1B092BC19221EC84 /* Resources */,
				0C29998B0A59D3DA62CE3C8D /* Embed App Extensions */,
			);
			buildRules = (
			);
			dependencies = (
				9A29F51375767EFDF68A33FC /* PBXTargetDependency */,
			);
			name = PulseDock;
			productName = PulseDock;
			productReference = B8ECD27D04E504EAC3EAE4F7 /* Pulse Dock.app */;
			productType = "com.apple.product-type.application";
		};
		F65E4FD74A5CC22268EB5ABD /* PulseDockWidgetExtension */ = {
			isa = PBXNativeTarget;
			buildConfigurationList = 9D43229F60A4F38A3EADB694 /* Build configuration list for PBXNativeTarget "PulseDockWidgetExtension" */;
			buildPhases = (
				E6C952F92C93D0450CA82179 /* Sources */,
				8155DB8A1E81B5E481FF8D45 /* Frameworks */,
				B5B915B4D4D4E31E8EBAC46E /* Resources */,
			);
			buildRules = (
			);
			dependencies = (
			);
			name = PulseDockWidgetExtension;
			productName = PulseDockWidgetExtension;
			productReference = 87ABEB3B74DE67B762322B21 /* PulseDockWidgetExtension.appex */;
			productType = "com.apple.product-type.app-extension";
		};
/* End PBXNativeTarget section */

/* Begin PBXProject section */
		F86ACDD05DB5AE6A497CC89B /* Project object */ = {
			isa = PBXProject;
			attributes = {
				LastSwiftUpdateCheck = 1600;
				LastUpgradeCheck = 1600;
			};
			buildConfigurationList = 76BF447EE7EF45788EAA1B11 /* Build configuration list for PBXProject "PulseDock" */;
			compatibilityVersion = "Xcode 3.2";
			developmentRegion = en;
			hasScannedForEncodings = 0;
			knownRegions = (
				en,
				Base,
			);
			mainGroup = 79514BA1DC77B741B51D5FFF;
			minimizedProjectReferenceProxies = 0;
			preferredProjectObjectVersion = 77;
			productRefGroup = 149A95C6429D1FDB647448BF /* Products */;
			projectDirPath = "";
			projectRoot = "";
			targets = (
				4A21E51561F2C81581B8D974 /* PulseDock */,
				F65E4FD74A5CC22268EB5ABD /* PulseDockWidgetExtension */,
			);
		};
/* End PBXProject section */

/* Begin PBXResourcesBuildPhase section */
		08E3D82F1B092BC19221EC84 /* Resources */ = {
			isa = PBXResourcesBuildPhase;
			buildActionMask = 2147483647;
			files = (
				8DC6846EB823AC719001C383 /* PrivacyInfo.xcprivacy in Resources */,
				B5E2F1C32576696D2C7E27D9 /* AppIcon.icns in Resources */,
			);
			runOnlyForDeploymentPostprocessing = 0;
		};
		B5B915B4D4D4E31E8EBAC46E /* Resources */ = {
			isa = PBXResourcesBuildPhase;
			buildActionMask = 2147483647;
			files = (
				AD7603FAFFCFDF71792C67D4 /* PrivacyInfo.xcprivacy in Resources */,
			);
			runOnlyForDeploymentPostprocessing = 0;
		};
/* End PBXResourcesBuildPhase section */

/* Begin PBXSourcesBuildPhase section */
		E6C952F92C93D0450CA82179 /* Sources */ = {
			isa = PBXSourcesBuildPhase;
			buildActionMask = 2147483647;
			files = (
				685DC4081EC4BE4C48E9E532 /* MenuBarPopoverGeometry.swift in Sources */,
				25BD1765E72AF3AFB19C85F2 /* MetricFormatting.swift in Sources */,
				B882B0A87291E0DE57E28FBA /* MetricSnapshot+WidgetCompact.swift in Sources */,
				037DCE8FF536ADB0BDED3561 /* MetricSnapshot.swift in Sources */,
				0086885AFDE7200A97E79D0C /* PulseDockAppGroup.swift in Sources */,
				D77EF6E2A455022F62705BF3 /* SharedSnapshotStore.swift in Sources */,
				2FEEEC77B00FEA3E179119C8 /* SystemSampler.swift in Sources */,
				B6CD1C96A3951F06590F0FBA /* WidgetTimelineKind.swift in Sources */,
				28507FEE01F102E6C34B64D5 /* SystemDashboardWidget.swift in Sources */,
			);
			runOnlyForDeploymentPostprocessing = 0;
		};
		FCAA77F60668FF04D2EE91A1 /* Sources */ = {
			isa = PBXSourcesBuildPhase;
			buildActionMask = 2147483647;
			files = (
				601FC38E897B4DBAE6177670 /* MenuBarPopoverGeometry.swift in Sources */,
				AC8235AEEE71AD93DBFDC874 /* MetricFormatting.swift in Sources */,
				0FE8C1C784FC0881A673E381 /* MetricSnapshot+WidgetCompact.swift in Sources */,
				2E96B59A7F7BD29BC6E090E8 /* MetricSnapshot.swift in Sources */,
				90540A5CE580E6D0FFD276B6 /* PulseDockAppGroup.swift in Sources */,
				853BA7193148D0B0CF6E606B /* SharedSnapshotStore.swift in Sources */,
				DFE56EFC64013DC305ECBDCE /* SystemSampler.swift in Sources */,
				AFC1E92E87E283663CB55D60 /* WidgetTimelineKind.swift in Sources */,
				28FC21140E1F8A967C0631EE /* AppDelegate.swift in Sources */,
				BA2966268D70CD744F5CC2BE /* DashboardView.swift in Sources */,
				422C34900AF39FBE848EDF3A /* MetricsStore.swift in Sources */,
				C27D80133FA5C867B1DC4925 /* PulseDockLinks.swift in Sources */,
				F4DA564C57B030C73839BF34 /* VisualEffectView.swift in Sources */,
				4A95E85F23026D2A46F3360F /* WidgetPanelView.swift in Sources */,
				9B5E40BAD67AFCDCDA40E187 /* main.swift in Sources */,
			);
			runOnlyForDeploymentPostprocessing = 0;
		};
/* End PBXSourcesBuildPhase section */

/* Begin PBXTargetDependency section */
		9A29F51375767EFDF68A33FC /* PBXTargetDependency */ = {
			isa = PBXTargetDependency;
			name = PulseDockWidgetExtension;
			target = F65E4FD74A5CC22268EB5ABD /* PulseDockWidgetExtension */;
			targetProxy = 88C4F81A574B316249B63FCF /* PBXContainerItemProxy */;
		};
/* End PBXTargetDependency section */

/* Begin XCBuildConfiguration section */
		2A6205B8F34C56B538C564A8 /* Release */ = {
			isa = XCBuildConfiguration;
			buildSettings = {
				CODE_SIGN_ENTITLEMENTS = Resources/PulseDockWidgetExtension.entitlements;
				CODE_SIGN_STYLE = Automatic;
				CURRENT_PROJECT_VERSION = 1;
				DEVELOPMENT_TEAM = "";
				ENABLE_HARDENED_RUNTIME = YES;
				GENERATE_INFOPLIST_FILE = NO;
				INFOPLIST_FILE = Resources/WidgetInfo.plist;
				MACOSX_DEPLOYMENT_TARGET = 14.0;
				MARKETING_VERSION = 1.0.0;
				PRODUCT_BUNDLE_IDENTIFIER = com.ifonly3.pulsedock.widget;
				PRODUCT_NAME = PulseDockWidgetExtension;
				SDKROOT = macosx;
				SWIFT_VERSION = 6.0;
			};
			name = Release;
		};
		2F1B3983F2F3E98F71D2513F /* Debug */ = {
			isa = XCBuildConfiguration;
			buildSettings = {
				CODE_SIGN_ENTITLEMENTS = Resources/PulseDock.entitlements;
				CODE_SIGN_STYLE = Automatic;
				COMBINE_HIDPI_IMAGES = YES;
				CURRENT_PROJECT_VERSION = 1;
				DEVELOPMENT_TEAM = "";
				ENABLE_HARDENED_RUNTIME = YES;
				GENERATE_INFOPLIST_FILE = NO;
				INFOPLIST_FILE = Resources/AppInfo.plist;
				LD_RUNPATH_SEARCH_PATHS = "$(inherited) @executable_path/../Frameworks";
				MACOSX_DEPLOYMENT_TARGET = 14.0;
				MARKETING_VERSION = 1.0.0;
				PRODUCT_BUNDLE_IDENTIFIER = com.ifonly3.pulsedock;
				PRODUCT_NAME = "Pulse Dock";
				SDKROOT = macosx;
				SWIFT_VERSION = 6.0;
			};
			name = Debug;
		};
		61046B1AA7B8B799B894CDB1 /* Debug */ = {
			isa = XCBuildConfiguration;
			buildSettings = {
				CODE_SIGN_ENTITLEMENTS = Resources/PulseDockWidgetExtension.entitlements;
				CODE_SIGN_STYLE = Automatic;
				CURRENT_PROJECT_VERSION = 1;
				DEVELOPMENT_TEAM = "";
				ENABLE_HARDENED_RUNTIME = YES;
				GENERATE_INFOPLIST_FILE = NO;
				INFOPLIST_FILE = Resources/WidgetInfo.plist;
				MACOSX_DEPLOYMENT_TARGET = 14.0;
				MARKETING_VERSION = 1.0.0;
				PRODUCT_BUNDLE_IDENTIFIER = com.ifonly3.pulsedock.widget;
				PRODUCT_NAME = PulseDockWidgetExtension;
				SDKROOT = macosx;
				SWIFT_VERSION = 6.0;
			};
			name = Debug;
		};
		8205EE9C0B352282541D7598 /* Release */ = {
			isa = XCBuildConfiguration;
			buildSettings = {
				CODE_SIGN_ENTITLEMENTS = Resources/PulseDock.entitlements;
				CODE_SIGN_STYLE = Automatic;
				COMBINE_HIDPI_IMAGES = YES;
				CURRENT_PROJECT_VERSION = 1;
				DEVELOPMENT_TEAM = "";
				ENABLE_HARDENED_RUNTIME = YES;
				GENERATE_INFOPLIST_FILE = NO;
				INFOPLIST_FILE = Resources/AppInfo.plist;
				LD_RUNPATH_SEARCH_PATHS = "$(inherited) @executable_path/../Frameworks";
				MACOSX_DEPLOYMENT_TARGET = 14.0;
				MARKETING_VERSION = 1.0.0;
				PRODUCT_BUNDLE_IDENTIFIER = com.ifonly3.pulsedock;
				PRODUCT_NAME = "Pulse Dock";
				SDKROOT = macosx;
				SWIFT_VERSION = 6.0;
			};
			name = Release;
		};
		C95A9D490581F5DE3F20522A /* Release */ = {
			isa = XCBuildConfiguration;
			buildSettings = {
				ALWAYS_SEARCH_USER_PATHS = NO;
				CLANG_ANALYZER_NONNULL = YES;
				CLANG_ANALYZER_NUMBER_OBJECT_CONVERSION = YES_AGGRESSIVE;
				CLANG_CXX_LANGUAGE_STANDARD = "gnu++14";
				CLANG_CXX_LIBRARY = "libc++";
				CLANG_ENABLE_MODULES = YES;
				CLANG_ENABLE_OBJC_ARC = YES;
				CLANG_ENABLE_OBJC_WEAK = YES;
				CLANG_WARN_BLOCK_CAPTURE_AUTORELEASING = YES;
				CLANG_WARN_BOOL_CONVERSION = YES;
				CLANG_WARN_COMMA = YES;
				CLANG_WARN_CONSTANT_CONVERSION = YES;
				CLANG_WARN_DEPRECATED_OBJC_IMPLEMENTATIONS = YES;
				CLANG_WARN_DIRECT_OBJC_ISA_USAGE = YES_ERROR;
				CLANG_WARN_DOCUMENTATION_COMMENTS = YES;
				CLANG_WARN_EMPTY_BODY = YES;
				CLANG_WARN_ENUM_CONVERSION = YES;
				CLANG_WARN_INFINITE_RECURSION = YES;
				CLANG_WARN_INT_CONVERSION = YES;
				CLANG_WARN_NON_LITERAL_NULL_CONVERSION = YES;
				CLANG_WARN_OBJC_IMPLICIT_RETAIN_SELF = YES;
				CLANG_WARN_OBJC_LITERAL_CONVERSION = YES;
				CLANG_WARN_OBJC_ROOT_CLASS = YES_ERROR;
				CLANG_WARN_QUOTED_INCLUDE_IN_FRAMEWORK_HEADER = YES;
				CLANG_WARN_RANGE_LOOP_ANALYSIS = YES;
				CLANG_WARN_STRICT_PROTOTYPES = YES;
				CLANG_WARN_SUSPICIOUS_MOVE = YES;
				CLANG_WARN_UNGUARDED_AVAILABILITY = YES_AGGRESSIVE;
				CLANG_WARN_UNREACHABLE_CODE = YES;
				CLANG_WARN__DUPLICATE_METHOD_MATCH = YES;
				COPY_PHASE_STRIP = NO;
				DEBUG_INFORMATION_FORMAT = "dwarf-with-dsym";
				ENABLE_NS_ASSERTIONS = NO;
				ENABLE_STRICT_OBJC_MSGSEND = YES;
				GCC_C_LANGUAGE_STANDARD = gnu11;
				GCC_NO_COMMON_BLOCKS = YES;
				GCC_WARN_64_TO_32_BIT_CONVERSION = YES;
				GCC_WARN_ABOUT_RETURN_TYPE = YES_ERROR;
				GCC_WARN_UNDECLARED_SELECTOR = YES;
				GCC_WARN_UNINITIALIZED_AUTOS = YES_AGGRESSIVE;
				GCC_WARN_UNUSED_FUNCTION = YES;
				GCC_WARN_UNUSED_VARIABLE = YES;
				MTL_ENABLE_DEBUG_INFO = NO;
				MTL_FAST_MATH = YES;
				PRODUCT_NAME = "$(TARGET_NAME)";
				SWIFT_COMPILATION_MODE = wholemodule;
				SWIFT_OPTIMIZATION_LEVEL = "-O";
				SWIFT_VERSION = 5.0;
			};
			name = Release;
		};
		CCC44AE1605359DB38D2668F /* Debug */ = {
			isa = XCBuildConfiguration;
			buildSettings = {
				ALWAYS_SEARCH_USER_PATHS = NO;
				CLANG_ANALYZER_NONNULL = YES;
				CLANG_ANALYZER_NUMBER_OBJECT_CONVERSION = YES_AGGRESSIVE;
				CLANG_CXX_LANGUAGE_STANDARD = "gnu++14";
				CLANG_CXX_LIBRARY = "libc++";
				CLANG_ENABLE_MODULES = YES;
				CLANG_ENABLE_OBJC_ARC = YES;
				CLANG_ENABLE_OBJC_WEAK = YES;
				CLANG_WARN_BLOCK_CAPTURE_AUTORELEASING = YES;
				CLANG_WARN_BOOL_CONVERSION = YES;
				CLANG_WARN_COMMA = YES;
				CLANG_WARN_CONSTANT_CONVERSION = YES;
				CLANG_WARN_DEPRECATED_OBJC_IMPLEMENTATIONS = YES;
				CLANG_WARN_DIRECT_OBJC_ISA_USAGE = YES_ERROR;
				CLANG_WARN_DOCUMENTATION_COMMENTS = YES;
				CLANG_WARN_EMPTY_BODY = YES;
				CLANG_WARN_ENUM_CONVERSION = YES;
				CLANG_WARN_INFINITE_RECURSION = YES;
				CLANG_WARN_INT_CONVERSION = YES;
				CLANG_WARN_NON_LITERAL_NULL_CONVERSION = YES;
				CLANG_WARN_OBJC_IMPLICIT_RETAIN_SELF = YES;
				CLANG_WARN_OBJC_LITERAL_CONVERSION = YES;
				CLANG_WARN_OBJC_ROOT_CLASS = YES_ERROR;
				CLANG_WARN_QUOTED_INCLUDE_IN_FRAMEWORK_HEADER = YES;
				CLANG_WARN_RANGE_LOOP_ANALYSIS = YES;
				CLANG_WARN_STRICT_PROTOTYPES = YES;
				CLANG_WARN_SUSPICIOUS_MOVE = YES;
				CLANG_WARN_UNGUARDED_AVAILABILITY = YES_AGGRESSIVE;
				CLANG_WARN_UNREACHABLE_CODE = YES;
				CLANG_WARN__DUPLICATE_METHOD_MATCH = YES;
				COPY_PHASE_STRIP = NO;
				DEBUG_INFORMATION_FORMAT = dwarf;
				ENABLE_STRICT_OBJC_MSGSEND = YES;
				ENABLE_TESTABILITY = YES;
				GCC_C_LANGUAGE_STANDARD = gnu11;
				GCC_DYNAMIC_NO_PIC = NO;
				GCC_NO_COMMON_BLOCKS = YES;
				GCC_OPTIMIZATION_LEVEL = 0;
				GCC_PREPROCESSOR_DEFINITIONS = (
					"DEBUG=1",
					"$(inherited)",
				);
				GCC_WARN_64_TO_32_BIT_CONVERSION = YES;
				GCC_WARN_ABOUT_RETURN_TYPE = YES_ERROR;
				GCC_WARN_UNDECLARED_SELECTOR = YES;
				GCC_WARN_UNINITIALIZED_AUTOS = YES_AGGRESSIVE;
				GCC_WARN_UNUSED_FUNCTION = YES;
				GCC_WARN_UNUSED_VARIABLE = YES;
				MTL_ENABLE_DEBUG_INFO = INCLUDE_SOURCE;
				MTL_FAST_MATH = YES;
				ONLY_ACTIVE_ARCH = YES;
				PRODUCT_NAME = "$(TARGET_NAME)";
				SWIFT_ACTIVE_COMPILATION_CONDITIONS = DEBUG;
				SWIFT_OPTIMIZATION_LEVEL = "-Onone";
				SWIFT_VERSION = 5.0;
			};
			name = Debug;
		};
/* End XCBuildConfiguration section */

/* Begin XCConfigurationList section */
		76BF447EE7EF45788EAA1B11 /* Build configuration list for PBXProject "PulseDock" */ = {
			isa = XCConfigurationList;
			buildConfigurations = (
				CCC44AE1605359DB38D2668F /* Debug */,
				C95A9D490581F5DE3F20522A /* Release */,
			);
			defaultConfigurationIsVisible = 0;
			defaultConfigurationName = Release;
		};
		9D43229F60A4F38A3EADB694 /* Build configuration list for PBXNativeTarget "PulseDockWidgetExtension" */ = {
			isa = XCConfigurationList;
			buildConfigurations = (
				2A6205B8F34C56B538C564A8 /* Release */,
				61046B1AA7B8B799B894CDB1 /* Debug */,
			);
			defaultConfigurationIsVisible = 0;
			defaultConfigurationName = Release;
		};
		F3837B024B6C5A8FECEBF44B /* Build configuration list for PBXNativeTarget "PulseDock" */ = {
			isa = XCConfigurationList;
			buildConfigurations = (
				8205EE9C0B352282541D7598 /* Release */,
				2F1B3983F2F3E98F71D2513F /* Debug */,
			);
			defaultConfigurationIsVisible = 0;
			defaultConfigurationName = Release;
		};
/* End XCConfigurationList section */
	};
	rootObject = F86ACDD05DB5AE6A497CC89B /* Project object */;
}
